
Microsoft Visual Studio Solution File, Format Version 12.00
# Visual Studio Version 16
VisualStudioVersion = 16.0.31025.194
MinimumVisualStudioVersion = 10.0.40219.1
Project("{FAE04EC0-301F-11D3-BF4B-00C04F79EFBC}") = "Parakeet.Web", "Parakeet.Web\Parakeet.Web.csproj", "{AC074362-6F95-4E0F-9C29-2AC3047395AE}"
EndProject
Project("{FAE04EC0-301F-11D3-BF4B-00C04F79EFBC}") = "Parakeet.Entities", "Prakeet.Entities\Parakeet.Entities.csproj", "{6B0A71E1-264C-4F3A-85AF-73012EE54466}"
EndProject
Project("{FAE04EC0-301F-11D3-BF4B-00C04F79EFBC}") = "ParaKeet.Database", "ParaKeet.Database\ParaKeet.Database.csproj", "{87F60C7E-E9DD-4929-B88D-AB868E982842}"
EndProject
Global
	GlobalSection(SolutionConfigurationPlatforms) = preSolution
		Debug|Any CPU = Debug|Any CPU
		Release|Any CPU = Release|Any CPU
	EndGlobalSection
	GlobalSection(ProjectConfigurationPlatforms) = postSolution
		{AC074362-6F95-4E0F-9C29-2AC3047395AE}.Debug|Any CPU.ActiveCfg = Debug|Any CPU
		{AC074362-6F95-4E0F-9C29-2AC3047395AE}.Debug|Any CPU.Build.0 = Debug|Any CPU
		{AC074362-6F95-4E0F-9C29-2AC3047395AE}.Release|Any CPU.ActiveCfg = Release|Any CPU
		{AC074362-6F95-4E0F-9C29-2AC3047395AE}.Release|Any CPU.Build.0 = Release|Any CPU
		{6B0A71E1-264C-4F3A-85AF-73012EE54466}.Debug|Any CPU.ActiveCfg = Debug|Any CPU
		{6B0A71E1-264C-4F3A-85AF-73012EE54466}.Debug|Any CPU.Build.0 = Debug|Any CPU
		{6B0A71E1-264C-4F3A-85AF-73012EE54466}.Release|Any CPU.ActiveCfg = Release|Any CPU
		{6B0A71E1-264C-4F3A-85AF-73012EE54466}.Release|Any CPU.Build.0 = Release|Any CPU
		{87F60C7E-E9DD-4929-B88D-AB868E982842}.Debug|Any CPU.ActiveCfg = Debug|Any CPU
		{87F60C7E-E9DD-4929-B88D-AB868E982842}.Debug|Any CPU.Build.0 = Debug|Any CPU
		{87F60C7E-E9DD-4929-B88D-AB868E982842}.Release|Any CPU.ActiveCfg = Release|Any CPU
		{87F60C7E-E9DD-4929-B88D-AB868E982842}.Release|Any CPU.Build.0 = Release|Any CPU
	EndGlobalSection
	GlobalSection(SolutionProperties) = preSolution
		HideSolutionNode = FALSE
	EndGlobalSection
	GlobalSection(ExtensibilityGlobals) = postSolution
		SolutionGuid = {44E00B79-9B4F-441F-BDFB-4D6D319C6401}
	EndGlobalSection
EndGlobal
